
Microsoft Visual Studio Solution File, Format Version 12.00
# Visual Studio Version 16
VisualStudioVersion = 16.0.31605.320
MinimumVisualStudioVersion = 10.0.40219.1
Project("{FAE04EC0-301F-11D3-BF4B-00C04F79EFBC}") = "LogicParser", "LogicParser.csproj", "{4C197B1D-12E9-461C-A477-7A44CDFB2DBB}"
EndProject
Global
	GlobalSection(SolutionConfigurationPlatforms) = preSolution
		Debug|Any CPU = Debug|Any CPU
		Release|Any CPU = Release|Any CPU
	EndGlobalSection
	GlobalSection(ProjectConfigurationPlatforms) = postSolution
		{4C197B1D-12E9-461C-A477-7A44CDFB2DBB}.Debug|Any CPU.ActiveCfg = Debug|Any CPU
		{4C197B1D-12E9-461C-A477-7A44CDFB2DBB}.Debug|Any CPU.Build.0 = Debug|Any CPU
		{4C197B1D-12E9-461C-A477-7A44CDFB2DBB}.Release|Any CPU.ActiveCfg = Release|Any CPU
		{4C197B1D-12E9-461C-A477-7A44CDFB2DBB}.Release|Any CPU.Build.0 = Release|Any CPU
	EndGlobalSection
	GlobalSection(SolutionProperties) = preSolution
		HideSolutionNode = FALSE
	EndGlobalSection
	GlobalSection(ExtensibilityGlobals) = postSolution
		SolutionGuid = {ED9684EE-403A-4BFE-AEC7-83D002CECB70}
	EndGlobalSection
EndGlobal
